<?xml version="1.0" encoding="utf-8"?>
<Project ToolsVersion="4.0" xmlns="http://schemas.microsoft.com/developer/msbuild/2003">
  <ItemGroup>
    <Filter Include="Kernel">
      <UniqueIdentifier>{c6fd5b23-6b39-4db9-b245-1c7c4411d898}</UniqueIdentifier>
    </Filter>
    <Filter Include="Kernel\API">
      <UniqueIdentifier>{42908d78-a1e5-44e6-8534-9c2089ea499a}</UniqueIdentifier>
    </Filter>
    <Filter Include="Kernel\API\FileSystem">
      <UniqueIdentifier>{ae46c4b9-55f5-4bc4-955a-d3331631bb52}</UniqueIdentifier>
    </Filter>
    <Filter Include="Kernel\API\POSIX">
      <UniqueIdentifier>{6a84bad0-a9f8-49b2-b084-e882ae2d969d}</UniqueIdentifier>
    </Filter>
    <Filter Include="Kernel\API\POSIX\net">
      <UniqueIdentifier>{705d5687-e6bd-493c-bfc7-8efe4a6e1d64}</UniqueIdentifier>
    </Filter>
  </ItemGroup>
  <ItemGroup>
    <ClInclude Include="FATStructures.h">
      <Filter>Kernel\API\FileSystem</Filter>
    </ClInclude>
    <ClInclude Include="MountSpecificFlags.h">
      <Filter>Kernel\API\FileSystem</Filter>
    </ClInclude>
    <ClInclude Include="if.h">
      <Filter>Kernel\API\POSIX\net</Filter>
    </ClInclude>
    <ClInclude Include="if_arp.h">
      <Filter>Kernel\API\POSIX\net</Filter>
    </ClInclude>
  </ItemGroup>
</Project>